
Microsoft Visual Studio Solution File, Format Version 11.00
# Visual C++ Express 2010
Project("{8BC9CEB8-8B4A-11D0-8D11-00A0C91BC942}") = "File", "File\File.vcxproj", "{D2B7E634-FB1A-40EE-95C4-87927CBEA3BB}"
EndProject
Project("{8BC9CEB8-8B4A-11D0-8D11-00A0C91BC942}") = "Threading", "Threading\Threading.vcxproj", "{505E2CEF-37BD-4C5C-B07D-D54F8B71DB27}"
EndProject
Project("{8BC9CEB8-8B4A-11D0-8D11-00A0C91BC942}") = "FSDriver", "FSDriver\FSDriver.vcxproj", "{3669B4D2-49C2-4EB4-919D-4E8E2361D800}"
EndProject
Project("{8BC9CEB8-8B4A-11D0-8D11-00A0C91BC942}") = "DiskCache", "DiskCache\DiskCache.vcxproj", "{182A8603-281D-4E61-B08E-408190AE1C28}"
EndProject
Project("{8BC9CEB8-8B4A-11D0-8D11-00A0C91BC942}") = "TestDiskCache", "TestDiskCache\TestDiskCache.vcxproj", "{C17E85AE-CF3A-4976-93E6-113C3E4E2034}"
EndProject
Global
	GlobalSection(SolutionConfigurationPlatforms) = preSolution
		Debug|Win32 = Debug|Win32
		Release|Win32 = Release|Win32
	EndGlobalSection
	GlobalSection(ProjectConfigurationPlatforms) = postSolution
		{D2B7E634-FB1A-40EE-95C4-87927CBEA3BB}.Debug|Win32.ActiveCfg = Debug|Win32
		{D2B7E634-FB1A-40EE-95C4-87927CBEA3BB}.Debug|Win32.Build.0 = Debug|Win32
		{D2B7E634-FB1A-40EE-95C4-87927CBEA3BB}.Release|Win32.ActiveCfg = Release|Win32
		{D2B7E634-FB1A-40EE-95C4-87927CBEA3BB}.Release|Win32.Build.0 = Release|Win32
		{505E2CEF-37BD-4C5C-B07D-D54F8B71DB27}.Debug|Win32.ActiveCfg = Debug|Win32
		{505E2CEF-37BD-4C5C-B07D-D54F8B71DB27}.Debug|Win32.Build.0 = Debug|Win32
		{505E2CEF-37BD-4C5C-B07D-D54F8B71DB27}.Release|Win32.ActiveCfg = Release|Win32
		{505E2CEF-37BD-4C5C-B07D-D54F8B71DB27}.Release|Win32.Build.0 = Release|Win32
		{3669B4D2-49C2-4EB4-919D-4E8E2361D800}.Debug|Win32.ActiveCfg = Debug|Win32
		{3669B4D2-49C2-4EB4-919D-4E8E2361D800}.Debug|Win32.Build.0 = Debug|Win32
		{3669B4D2-49C2-4EB4-919D-4E8E2361D800}.Release|Win32.ActiveCfg = Release|Win32
		{3669B4D2-49C2-4EB4-919D-4E8E2361D800}.Release|Win32.Build.0 = Release|Win32
		{182A8603-281D-4E61-B08E-408190AE1C28}.Debug|Win32.ActiveCfg = Debug|Win32
		{182A8603-281D-4E61-B08E-408190AE1C28}.Debug|Win32.Build.0 = Debug|Win32
		{182A8603-281D-4E61-B08E-408190AE1C28}.Release|Win32.ActiveCfg = Release|Win32
		{182A8603-281D-4E61-B08E-408190AE1C28}.Release|Win32.Build.0 = Release|Win32
		{C17E85AE-CF3A-4976-93E6-113C3E4E2034}.Debug|Win32.ActiveCfg = Debug|Win32
		{C17E85AE-CF3A-4976-93E6-113C3E4E2034}.Debug|Win32.Build.0 = Debug|Win32
		{C17E85AE-CF3A-4976-93E6-113C3E4E2034}.Release|Win32.ActiveCfg = Release|Win32
		{C17E85AE-CF3A-4976-93E6-113C3E4E2034}.Release|Win32.Build.0 = Release|Win32
	EndGlobalSection
	GlobalSection(SolutionProperties) = preSolution
		HideSolutionNode = FALSE
	EndGlobalSection
EndGlobal
